
Microsoft Visual Studio Solution File, Format Version 12.00
# Visual Studio Version 16
VisualStudioVersion = 16.0.29519.87
MinimumVisualStudioVersion = 10.0.40219.1
Project("{FAE04EC0-301F-11D3-BF4B-00C04F79EFBC}") = "UserDefinedReport", "UserDefinedReport\UserDefinedReport.csproj", "{373104B5-2552-4E8A-A0B8-7C232A4D6705}"
EndProject
Global
	GlobalSection(SolutionConfigurationPlatforms) = preSolution
		Debug|Any CPU = Debug|Any CPU
		Release|Any CPU = Release|Any CPU
	EndGlobalSection
	GlobalSection(ProjectConfigurationPlatforms) = postSolution
		{373104B5-2552-4E8A-A0B8-7C232A4D6705}.Debug|Any CPU.ActiveCfg = Debug|Any CPU
		{373104B5-2552-4E8A-A0B8-7C232A4D6705}.Debug|Any CPU.Build.0 = Debug|Any CPU
		{373104B5-2552-4E8A-A0B8-7C232A4D6705}.Release|Any CPU.ActiveCfg = Release|Any CPU
		{373104B5-2552-4E8A-A0B8-7C232A4D6705}.Release|Any CPU.Build.0 = Release|Any CPU
	EndGlobalSection
	GlobalSection(SolutionProperties) = preSolution
		HideSolutionNode = FALSE
	EndGlobalSection
	GlobalSection(ExtensibilityGlobals) = postSolution
		SolutionGuid = {17ACA664-2F88-40FC-9B85-B834BB1E4BB2}
	EndGlobalSection
EndGlobal
