
Microsoft Visual Studio Solution File, Format Version 12.00
# Visual Studio Version 16
VisualStudioVersion = 16.0.29519.87
MinimumVisualStudioVersion = 10.0.40219.1
Project("{FAE04EC0-301F-11D3-BF4B-00C04F79EFBC}") = "CustomActivitesSPoint", "CustomActivitesSPoint\CustomActivitesSPoint.csproj", "{F5943365-EA7F-4C52-B1C4-E6B7AE477F8B}"
EndProject
Global
	GlobalSection(SolutionConfigurationPlatforms) = preSolution
		Debug|Any CPU = Debug|Any CPU
		Release|Any CPU = Release|Any CPU
	EndGlobalSection
	GlobalSection(ProjectConfigurationPlatforms) = postSolution
		{F5943365-EA7F-4C52-B1C4-E6B7AE477F8B}.Debug|Any CPU.ActiveCfg = Debug|Any CPU
		{F5943365-EA7F-4C52-B1C4-E6B7AE477F8B}.Debug|Any CPU.Build.0 = Debug|Any CPU
		{F5943365-EA7F-4C52-B1C4-E6B7AE477F8B}.Release|Any CPU.ActiveCfg = Release|Any CPU
		{F5943365-EA7F-4C52-B1C4-E6B7AE477F8B}.Release|Any CPU.Build.0 = Release|Any CPU
	EndGlobalSection
	GlobalSection(SolutionProperties) = preSolution
		HideSolutionNode = FALSE
	EndGlobalSection
	GlobalSection(ExtensibilityGlobals) = postSolution
		SolutionGuid = {A0F509E7-7699-436D-ADB5-A86C3DE26A80}
	EndGlobalSection
EndGlobal
